Microsoft Visual Studio Solution File, Format Version 12.00
# Visual Studio Version 17
VisualStudioVersion = 17.5.2.0
MinimumVisualStudioVersion = 10.0.40219.1
Project("{FAE04EC0-301F-11D3-BF4B-00C04F79EFBC}") = "blazor5dotnet", "blazor5dotnet.csproj", "{9A5E3524-6318-6A35-BF76-9631BC5494A7}"
EndProject
Global
	GlobalSection(SolutionConfigurationPlatforms) = preSolution
		Debug|Any CPU = Debug|Any CPU
		Release|Any CPU = Release|Any CPU
	EndGlobalSection
	GlobalSection(ProjectConfigurationPlatforms) = postSolution
		{9A5E3524-6318-6A35-BF76-9631BC5494A7}.Debug|Any CPU.ActiveCfg = Debug|Any CPU
		{9A5E3524-6318-6A35-BF76-9631BC5494A7}.Debug|Any CPU.Build.0 = Debug|Any CPU
		{9A5E3524-6318-6A35-BF76-9631BC5494A7}.Release|Any CPU.ActiveCfg = Release|Any CPU
		{9A5E3524-6318-6A35-BF76-9631BC5494A7}.Release|Any CPU.Build.0 = Release|Any CPU
	EndGlobalSection
	GlobalSection(SolutionProperties) = preSolution
		HideSolutionNode = FALSE
	EndGlobalSection
	GlobalSection(ExtensibilityGlobals) = postSolution
		SolutionGuid = {66803F30-8F87-4002-A8EB-1920F5877751}
	EndGlobalSection
EndGlobal
